
Microsoft Visual Studio Solution File, Format Version 12.00
# Visual Studio Version 17
VisualStudioVersion = 17.14.36408.4 d17.14
MinimumVisualStudioVersion = 10.0.40219.1
Project("{FAE04EC0-301F-11D3-BF4B-00C04F79EFBC}") = "ApiGateway.Presentation", "ApiGateway.Presentation\ApiGateway.Presentation.csproj", "{B7F1908E-3C32-48FF-BD07-0D0CE019A10E}"
EndProject
Project("{FAE04EC0-301F-11D3-BF4B-00C04F79EFBC}") = "ECommerce.SharedLibrary", "..\ECommerce.SharedLibrary\ECommerce.SharedLibrary\ECommerce.SharedLibrary.csproj", "{8944BA0E-A5E7-A44E-C02A-3F1368577666}"
EndProject
Global
	GlobalSection(SolutionConfigurationPlatforms) = preSolution
		Debug|Any CPU = Debug|Any CPU
		Release|Any CPU = Release|Any CPU
	EndGlobalSection
	GlobalSection(ProjectConfigurationPlatforms) = postSolution
		{B7F1908E-3C32-48FF-BD07-0D0CE019A10E}.Debug|Any CPU.ActiveCfg = Debug|Any CPU
		{B7F1908E-3C32-48FF-BD07-0D0CE019A10E}.Debug|Any CPU.Build.0 = Debug|Any CPU
		{B7F1908E-3C32-48FF-BD07-0D0CE019A10E}.Release|Any CPU.ActiveCfg = Release|Any CPU
		{B7F1908E-3C32-48FF-BD07-0D0CE019A10E}.Release|Any CPU.Build.0 = Release|Any CPU
		{8944BA0E-A5E7-A44E-C02A-3F1368577666}.Debug|Any CPU.ActiveCfg = Debug|Any CPU
		{8944BA0E-A5E7-A44E-C02A-3F1368577666}.Debug|Any CPU.Build.0 = Debug|Any CPU
		{8944BA0E-A5E7-A44E-C02A-3F1368577666}.Release|Any CPU.ActiveCfg = Release|Any CPU
		{8944BA0E-A5E7-A44E-C02A-3F1368577666}.Release|Any CPU.Build.0 = Release|Any CPU
	EndGlobalSection
	GlobalSection(SolutionProperties) = preSolution
		HideSolutionNode = FALSE
	EndGlobalSection
	GlobalSection(ExtensibilityGlobals) = postSolution
		SolutionGuid = {59B86340-3A9D-4F07-88C7-BDC58377A4F6}
	EndGlobalSection
EndGlobal
